// !$*UTF8*$!
{
	archiveVersion = 1;
	classes = {
	};
	objectVersion = 52;
	objects = {

/* Begin PBXBuildFile section */
		9B1BADC9279AE9E900E4C5CB /* HomeViewController.swift in Sources */ = {isa = PBXBuildFile; fileRef = 9B1BADC8279AE9E900E4C5CB /* HomeViewController.swift */; };
		9B1BADCB279AEA0500E4C5CB /* GroupsViewController.swift in Sources */ = {isa = PBXBuildFile; fileRef = 9B1BADCA279AEA0500E4C5CB /* GroupsViewController.swift */; };
		9B1BADCD279AEA1700E4C5CB /* SettingsViewController.swift in Sources */ = {isa = PBXBuildFile; fileRef = 9B1BADCC279AEA1700E4C5CB /* SettingsViewController.swift */; };
		9B1BADCF279AEEAF00E4C5CB /* RSSItem.swift in Sources */ = {isa = PBXBuildFile; fileRef = 9B1BADCE279AEEAF00E4C5CB /* RSSItem.swift */; };
		9B1BADD2279AEF6400E4C5CB /* AppLounchViewController.swift in Sources */ = {isa = PBXBuildFile; fileRef = 9B1BADD1279AEF6400E4C5CB /* AppLounchViewController.swift */; };
		9B1BADD4279AEF8D00E4C5CB /* Colors.swift in Sources */ = {isa = PBXBuildFile; fileRef = 9B1BADD3279AEF8D00E4C5CB /* Colors.swift */; };
		9B1BADD7279AF12B00E4C5CB /* UITabBar+Extension.swift in Sources */ = {isa = PBXBuildFile; fileRef = 9B1BADD6279AF12B00E4C5CB /* UITabBar+Extension.swift */; };
		9B1BADD9279AF15A00E4C5CB /* UITabBarItem+Extension.swift in Sources */ = {isa = PBXBuildFile; fileRef = 9B1BADD8279AF15A00E4C5CB /* UITabBarItem+Extension.swift */; };
		9B1BADDB279AF18200E4C5CB /* String+Extension.swift in Sources */ = {isa = PBXBuildFile; fileRef = 9B1BADDA279AF18200E4C5CB /* String+Extension.swift */; };
		9B211E782798582D000810C1 /* AppDelegate.swift in Sources */ = {isa = PBXBuildFile; fileRef = 9B211E772798582D000810C1 /* AppDelegate.swift */; };
		9B211E7A2798582D000810C1 /* SceneDelegate.swift in Sources */ = {isa = PBXBuildFile; fileRef = 9B211E792798582D000810C1 /* SceneDelegate.swift */; };
		9B211E7C2798582D000810C1 /* NewsViewController.swift in Sources */ = {isa = PBXBuildFile; fileRef = 9B211E7B2798582D000810C1 /* NewsViewController.swift */; };
		9B211E7F2798582D000810C1 /* Main.storyboard in Resources */ = {isa = PBXBuildFile; fileRef = 9B211E7D2798582D000810C1 /* Main.storyboard */; };
		9B211E812798582E000810C1 /* Assets.xcassets in Resources */ = {isa = PBXBuildFile; fileRef = 9B211E802798582E000810C1 /* Assets.xcassets */; };
		9B211E842798582E000810C1 /* LaunchScreen.storyboard in Resources */ = {isa = PBXBuildFile; fileRef = 9B211E822798582E000810C1 /* LaunchScreen.storyboard */; };
		9B211E8E2798737C000810C1 /* UITabBarController+Extension.swift in Sources */ = {isa = PBXBuildFile; fileRef = 9B211E8D2798737C000810C1 /* UITabBarController+Extension.swift */; };
		9B211E9027987497000810C1 /* XMLParser.swift in Sources */ = {isa = PBXBuildFile; fileRef = 9B211E8F27987497000810C1 /* XMLParser.swift */; };
		9B68F0D2279EFBF800F28205 /* ImageService.swift in Sources */ = {isa = PBXBuildFile; fileRef = 9B68F0D1279EFBF800F28205 /* ImageService.swift */; };
		9B68F0D4279EFC2B00F28205 /* Result.swift in Sources */ = {isa = PBXBuildFile; fileRef = 9B68F0D3279EFC2B00F28205 /* Result.swift */; };
		9B68F0D6279EFC5900F28205 /* ErrorService.swift in Sources */ = {isa = PBXBuildFile; fileRef = 9B68F0D5279EFC5900F28205 /* ErrorService.swift */; };
		9B68F0D9279EFE2300F28205 /* SwiftSoup in Frameworks */ = {isa = PBXBuildFile; productRef = 9B68F0D8279EFE2300F28205 /* SwiftSoup */; };
		9B68F0DC279F08EC00F28205 /* NewsTableViewCell.swift in Sources */ = {isa = PBXBuildFile; fileRef = 9B68F0DB279F08EC00F28205 /* NewsTableViewCell.swift */; };
/* End PBXBuildFile section */

/* Begin PBXFileReference section */
		9B1BADC8279AE9E900E4C5CB /* HomeViewController.swift */ = {isa = PBXFileReference; lastKnownFileType = sourcecode.swift; path = HomeViewController.swift; sourceTree = "<group>"; };
		9B1BADCA279AEA0500E4C5CB /* GroupsViewController.swift */ = {isa = PBXFileReference; lastKnownFileType = sourcecode.swift; path = GroupsViewController.swift; sourceTree = "<group>"; };
		9B1BADCC279AEA1700E4C5CB /* SettingsViewController.swift */ = {isa = PBXFileReference; lastKnownFileType = sourcecode.swift; path = SettingsViewController.swift; sourceTree = "<group>"; };
		9B1BADCE279AEEAF00E4C5CB /* RSSItem.swift */ = {isa = PBXFileReference; lastKnownFileType = sourcecode.swift; path = RSSItem.swift; sourceTree = "<group>"; };
		9B1BADD1279AEF6400E4C5CB /* AppLounchViewController.swift */ = {isa = PBXFileReference; lastKnownFileType = sourcecode.swift; path = AppLounchViewController.swift; sourceTree = "<group>"; };
		9B1BADD3279AEF8D00E4C5CB /* Colors.swift */ = {isa = PBXFileReference; lastKnownFileType = sourcecode.swift; path = Colors.swift; sourceTree = "<group>"; };
		9B1BADD6279AF12B00E4C5CB /* UITabBar+Extension.swift */ = {isa = PBXFileReference; lastKnownFileType = sourcecode.swift; path = "UITabBar+Extension.swift"; sourceTree = "<group>"; };
		9B1BADD8279AF15A00E4C5CB /* UITabBarItem+Extension.swift */ = {isa = PBXFileReference; lastKnownFileType = sourcecode.swift; path = "UITabBarItem+Extension.swift"; sourceTree = "<group>"; };
		9B1BADDA279AF18200E4C5CB /* String+Extension.swift */ = {isa = PBXFileReference; lastKnownFileType = sourcecode.swift; path = "String+Extension.swift"; sourceTree = "<group>"; };
		9B211E742798582D000810C1 /* nws-app.app */ = {isa = PBXFileReference; explicitFileType = wrapper.application; includeInIndex = 0; path = "nws-app.app"; sourceTree = BUILT_PRODUCTS_DIR; };
		9B211E772798582D000810C1 /* AppDelegate.swift */ = {isa = PBXFileReference; lastKnownFileType = sourcecode.swift; path = AppDelegate.swift; sourceTree = "<group>"; };
		9B211E792798582D000810C1 /* SceneDelegate.swift */ = {isa = PBXFileReference; lastKnownFileType = sourcecode.swift; path = SceneDelegate.swift; sourceTree = "<group>"; };
		9B211E7B2798582D000810C1 /* NewsViewController.swift */ = {isa = PBXFileReference; lastKnownFileType = sourcecode.swift; path = NewsViewController.swift; sourceTree = "<group>"; };
		9B211E7E2798582D000810C1 /* Base */ = {isa = PBXFileReference; lastKnownFileType = file.storyboard; name = Base; path = Base.lproj/Main.storyboard; sourceTree = "<group>"; };
		9B211E802798582E000810C1 /* Assets.xcassets */ = {isa = PBXFileReference; lastKnownFileType = folder.assetcatalog; path = Assets.xcassets; sourceTree = "<group>"; };
		9B211E832798582E000810C1 /* Base */ = {isa = PBXFileReference; lastKnownFileType = file.storyboard; name = Base; path = Base.lproj/LaunchScreen.storyboard; sourceTree = "<group>"; };
		9B211E852798582E000810C1 /* Info.plist */ = {isa = PBXFileReference; lastKnownFileType = text.plist.xml; path = Info.plist; sourceTree = "<group>"; };
		9B211E8D2798737C000810C1 /* UITabBarController+Extension.swift */ = {isa = PBXFileReference; lastKnownFileType = sourcecode.swift; path = "UITabBarController+Extension.swift"; sourceTree = "<group>"; };
		9B211E8F27987497000810C1 /* XMLParser.swift */ = {isa = PBXFileReference; lastKnownFileType = sourcecode.swift; path = XMLParser.swift; sourceTree = "<group>"; };
		9B68F0D1279EFBF800F28205 /* ImageService.swift */ = {isa = PBXFileReference; lastKnownFileType = sourcecode.swift; path = ImageService.swift; sourceTree = "<group>"; };
		9B68F0D3279EFC2B00F28205 /* Result.swift */ = {isa = PBXFileReference; lastKnownFileType = sourcecode.swift; path = Result.swift; sourceTree = "<group>"; };
		9B68F0D5279EFC5900F28205 /* ErrorService.swift */ = {isa = PBXFileReference; lastKnownFileType = sourcecode.swift; path = ErrorService.swift; sourceTree = "<group>"; };
		9B68F0DB279F08EC00F28205 /* NewsTableViewCell.swift */ = {isa = PBXFileReference; lastKnownFileType = sourcecode.swift; path = NewsTableViewCell.swift; sourceTree = "<group>"; };
/* End PBXFileReference section */

/* Begin PBXFrameworksBuildPhase section */
		9B211E712798582D000810C1 /* Frameworks */ = {
			isa = PBXFrameworksBuildPhase;
			buildActionMask = 2147483647;
			files = (
				9B68F0D9279EFE2300F28205 /* SwiftSoup in Frameworks */,
			);
			runOnlyForDeploymentPostprocessing = 0;
		};
/* End PBXFrameworksBuildPhase section */

/* Begin PBXGroup section */
		9B1BADC3279AE93D00E4C5CB /* Scenes */ = {
			isa = PBXGroup;
			children = (
				9B1BADC5279AE96700E4C5CB /* Home */,
				9B1BADC4279AE95E00E4C5CB /* News */,
				9B1BADC7279AE99E00E4C5CB /* Groups */,
				9B1BADC6279AE96D00E4C5CB /* Settings */,
				9B1BADD1279AEF6400E4C5CB /* AppLounchViewController.swift */,
				9B211E7D2798582D000810C1 /* Main.storyboard */,
				9B1BADD0279AEF3C00E4C5CB /* Common */,
			);
			path = Scenes;
			sourceTree = "<group>";
		};
		9B1BADC4279AE95E00E4C5CB /* News */ = {
			isa = PBXGroup;
			children = (
				9B68F0DA279F08D300F28205 /* NewsTableViewCell */,
				9B211E7B2798582D000810C1 /* NewsViewController.swift */,
			);
			path = News;
			sourceTree = "<group>";
		};
		9B1BADC5279AE96700E4C5CB /* Home */ = {
			isa = PBXGroup;
			children = (
				9B1BADC8279AE9E900E4C5CB /* HomeViewController.swift */,
			);
			path = Home;
			sourceTree = "<group>";
		};
		9B1BADC6279AE96D00E4C5CB /* Settings */ = {
			isa = PBXGroup;
			children = (
				9B1BADCC279AEA1700E4C5CB /* SettingsViewController.swift */,
			);
			path = Settings;
			sourceTree = "<group>";
		};
		9B1BADC7279AE99E00E4C5CB /* Groups */ = {
			isa = PBXGroup;
			children = (
				9B1BADCA279AEA0500E4C5CB /* GroupsViewController.swift */,
			);
			path = Groups;
			sourceTree = "<group>";
		};
		9B1BADD0279AEF3C00E4C5CB /* Common */ = {
			isa = PBXGroup;
			children = (
			);
			path = Common;
			sourceTree = "<group>";
		};
		9B1BADD5279AF06D00E4C5CB /* Extensions */ = {
			isa = PBXGroup;
			children = (
				9B211E8D2798737C000810C1 /* UITabBarController+Extension.swift */,
				9B1BADD6279AF12B00E4C5CB /* UITabBar+Extension.swift */,
				9B1BADD8279AF15A00E4C5CB /* UITabBarItem+Extension.swift */,
				9B1BADDA279AF18200E4C5CB /* String+Extension.swift */,
			);
			path = Extensions;
			sourceTree = "<group>";
		};
		9B211E6B2798582D000810C1 = {
			isa = PBXGroup;
			children = (
				9B211E762798582D000810C1 /* nws-app */,
				9B211E752798582D000810C1 /* Products */,
			);
			sourceTree = "<group>";
		};
		9B211E752798582D000810C1 /* Products */ = {
			isa = PBXGroup;
			children = (
				9B211E742798582D000810C1 /* nws-app.app */,
			);
			name = Products;
			sourceTree = "<group>";
		};
		9B211E762798582D000810C1 /* nws-app */ = {
			isa = PBXGroup;
			children = (
				9B211E772798582D000810C1 /* AppDelegate.swift */,
				9B211E792798582D000810C1 /* SceneDelegate.swift */,
				9B211E8B27986BC0000810C1 /* Service  */,
				9B211E8C27986BC7000810C1 /* Model */,
				9B1BADC3279AE93D00E4C5CB /* Scenes */,
				9B211E852798582E000810C1 /* Info.plist */,
				9B211E91279874A0000810C1 /* Helpers */,
				9B211E92279874B3000810C1 /* Resourses */,
			);
			path = "nws-app";
			sourceTree = "<group>";
		};
		9B211E8B27986BC0000810C1 /* Service  */ = {
			isa = PBXGroup;
			children = (
				9B211E8F27987497000810C1 /* XMLParser.swift */,
				9B68F0D1279EFBF800F28205 /* ImageService.swift */,
				9B68F0D5279EFC5900F28205 /* ErrorService.swift */,
			);
			path = "Service ";
			sourceTree = "<group>";
		};
		9B211E8C27986BC7000810C1 /* Model */ = {
			isa = PBXGroup;
			children = (
				9B1BADCE279AEEAF00E4C5CB /* RSSItem.swift */,
				9B68F0D3279EFC2B00F28205 /* Result.swift */,
			);
			path = Model;
			sourceTree = "<group>";
		};
		9B211E91279874A0000810C1 /* Helpers */ = {
			isa = PBXGroup;
			children = (
				9B1BADD5279AF06D00E4C5CB /* Extensions */,
			);
			path = Helpers;
			sourceTree = "<group>";
		};
		9B211E92279874B3000810C1 /* Resourses */ = {
			isa = PBXGroup;
			children = (
				9B211E822798582E000810C1 /* LaunchScreen.storyboard */,
				9B211E802798582E000810C1 /* Assets.xcassets */,
				9B1BADD3279AEF8D00E4C5CB /* Colors.swift */,
			);
			path = Resourses;
			sourceTree = "<group>";
		};
		9B68F0DA279F08D300F28205 /* NewsTableViewCell */ = {
			isa = PBXGroup;
			children = (
				9B68F0DB279F08EC00F28205 /* NewsTableViewCell.swift */,
			);
			path = NewsTableViewCell;
			sourceTree = "<group>";
		};
/* End PBXGroup section */

/* Begin PBXNativeTarget section */
		9B211E732798582D000810C1 /* nws-app */ = {
			isa = PBXNativeTarget;
			buildConfigurationList = 9B211E882798582E000810C1 /* Build configuration list for PBXNativeTarget "nws-app" */;
			buildPhases = (
				9B211E702798582D000810C1 /* Sources */,
				9B211E712798582D000810C1 /* Frameworks */,
				9B211E722798582D000810C1 /* Resources */,
			);
			buildRules = (
			);
			dependencies = (
			);
			name = "nws-app";
			packageProductDependencies = (
				9B68F0D8279EFE2300F28205 /* SwiftSoup */,
			);
			productName = "nws-app";
			productReference = 9B211E742798582D000810C1 /* nws-app.app */;
			productType = "com.apple.product-type.application";
		};
/* End PBXNativeTarget section */

/* Begin PBXProject section */
		9B211E6C2798582D000810C1 /* Project object */ = {
			isa = PBXProject;
			attributes = {
				LastSwiftUpdateCheck = 1250;
				LastUpgradeCheck = 1250;
				TargetAttributes = {
					9B211E732798582D000810C1 = {
						CreatedOnToolsVersion = 12.5.1;
					};
				};
			};
			buildConfigurationList = 9B211E6F2798582D000810C1 /* Build configuration list for PBXProject "nws-app" */;
			compatibilityVersion = "Xcode 9.3";
			developmentRegion = en;
			hasScannedForEncodings = 0;
			knownRegions = (
				en,
				Base,
			);
			mainGroup = 9B211E6B2798582D000810C1;
			packageReferences = (
				9B68F0D7279EFE2300F28205 /* XCRemoteSwiftPackageReference "SwiftSoup" */,
			);
			productRefGroup = 9B211E752798582D000810C1 /* Products */;
			projectDirPath = "";
			projectRoot = "";
			targets = (
				9B211E732798582D000810C1 /* nws-app */,
			);
		};
/* End PBXProject section */

/* Begin PBXResourcesBuildPhase section */
		9B211E722798582D000810C1 /* Resources */ = {
			isa = PBXResourcesBuildPhase;
			buildActionMask = 2147483647;
			files = (
				9B211E842798582E000810C1 /* LaunchScreen.storyboard in Resources */,
				9B211E812798582E000810C1 /* Assets.xcassets in Resources */,
				9B211E7F2798582D000810C1 /* Main.storyboard in Resources */,
			);
			runOnlyForDeploymentPostprocessing = 0;
		};
/* End PBXResourcesBuildPhase section */

/* Begin PBXSourcesBuildPhase section */
		9B211E702798582D000810C1 /* Sources */ = {
			isa = PBXSourcesBuildPhase;
			buildActionMask = 2147483647;
			files = (
				9B1BADCF279AEEAF00E4C5CB /* RSSItem.swift in Sources */,
				9B1BADD7279AF12B00E4C5CB /* UITabBar+Extension.swift in Sources */,
				9B1BADD4279AEF8D00E4C5CB /* Colors.swift in Sources */,
				9B1BADD9279AF15A00E4C5CB /* UITabBarItem+Extension.swift in Sources */,
				9B1BADCB279AEA0500E4C5CB /* GroupsViewController.swift in Sources */,
				9B211E7C2798582D000810C1 /* NewsViewController.swift in Sources */,
				9B68F0D4279EFC2B00F28205 /* Result.swift in Sources */,
				9B211E782798582D000810C1 /* AppDelegate.swift in Sources */,
				9B68F0DC279F08EC00F28205 /* NewsTableViewCell.swift in Sources */,
				9B211E7A2798582D000810C1 /* SceneDelegate.swift in Sources */,
				9B68F0D2279EFBF800F28205 /* ImageService.swift in Sources */,
				9B1BADDB279AF18200E4C5CB /* String+Extension.swift in Sources */,
				9B211E8E2798737C000810C1 /* UITabBarController+Extension.swift in Sources */,
				9B211E9027987497000810C1 /* XMLParser.swift in Sources */,
				9B68F0D6279EFC5900F28205 /* ErrorService.swift in Sources */,
				9B1BADD2279AEF6400E4C5CB /* AppLounchViewController.swift in Sources */,
				9B1BADC9279AE9E900E4C5CB /* HomeViewController.swift in Sources */,
				9B1BADCD279AEA1700E4C5CB /* SettingsViewController.swift in Sources */,
			);
			runOnlyForDeploymentPostprocessing = 0;
		};
/* End PBXSourcesBuildPhase section */

/* Begin PBXVariantGroup section */
		9B211E7D2798582D000810C1 /* Main.storyboard */ = {
			isa = PBXVariantGroup;
			children = (
				9B211E7E2798582D000810C1 /* Base */,
			);
			name = Main.storyboard;
			sourceTree = "<group>";
		};
		9B211E822798582E000810C1 /* LaunchScreen.storyboard */ = {
			isa = PBXVariantGroup;
			children = (
				9B211E832798582E000810C1 /* Base */,
			);
			name = LaunchScreen.storyboard;
			sourceTree = "<group>";
		};
/* End PBXVariantGroup section */

/* Begin XCBuildConfiguration section */
		9B211E862798582E000810C1 /* Debug */ = {
			isa = XCBuildConfiguration;
			buildSettings = {
				ALWAYS_SEARCH_USER_PATHS = NO;
				CLANG_ANALYZER_NONNULL = YES;
				CLANG_ANALYZER_NUMBER_OBJECT_CONVERSION = YES_AGGRESSIVE;
				CLANG_CXX_LANGUAGE_STANDARD = "gnu++14";
				CLANG_CXX_LIBRARY = "libc++";
				CLANG_ENABLE_MODULES = YES;
				CLANG_ENABLE_OBJC_ARC = YES;
				CLANG_ENABLE_OBJC_WEAK = YES;
				CLANG_WARN_BLOCK_CAPTURE_AUTORELEASING = YES;
				CLANG_WARN_BOOL_CONVERSION = YES;
				CLANG_WARN_COMMA = YES;
				CLANG_WARN_CONSTANT_CONVERSION = YES;
				CLANG_WARN_DEPRECATED_OBJC_IMPLEMENTATIONS = YES;
				CLANG_WARN_DIRECT_OBJC_ISA_USAGE = YES_ERROR;
				CLANG_WARN_DOCUMENTATION_COMMENTS = YES;
				CLANG_WARN_EMPTY_BODY = YES;
				CLANG_WARN_ENUM_CONVERSION = YES;
				CLANG_WARN_INFINITE_RECURSION = YES;
				CLANG_WARN_INT_CONVERSION = YES;
				CLANG_WARN_NON_LITERAL_NULL_CONVERSION = YES;
				CLANG_WARN_OBJC_IMPLICIT_RETAIN_SELF = YES;
				CLANG_WARN_OBJC_LITERAL_CONVERSION = YES;
				CLANG_WARN_OBJC_ROOT_CLASS = YES_ERROR;
				CLANG_WARN_QUOTED_INCLUDE_IN_FRAMEWORK_HEADER = YES;
				CLANG_WARN_RANGE_LOOP_ANALYSIS = YES;
				CLANG_WARN_STRICT_PROTOTYPES = YES;
				CLANG_WARN_SUSPICIOUS_MOVE = YES;
				CLANG_WARN_UNGUARDED_AVAILABILITY = YES_AGGRESSIVE;
				CLANG_WARN_UNREACHABLE_CODE = YES;
				CLANG_WARN__DUPLICATE_METHOD_MATCH = YES;
				COPY_PHASE_STRIP = NO;
				DEBUG_INFORMATION_FORMAT = dwarf;
				ENABLE_STRICT_OBJC_MSGSEND = YES;
				ENABLE_TESTABILITY = YES;
				GCC_C_LANGUAGE_STANDARD = gnu11;
				GCC_DYNAMIC_NO_PIC = NO;
				GCC_NO_COMMON_BLOCKS = YES;
				GCC_OPTIMIZATION_LEVEL = 0;
				GCC_PREPROCESSOR_DEFINITIONS = (
					"DEBUG=1",
					"$(inherited)",
				);
				GCC_WARN_64_TO_32_BIT_CONVERSION = YES;
				GCC_WARN_ABOUT_RETURN_TYPE = YES_ERROR;
				GCC_WARN_UNDECLARED_SELECTOR = YES;
				GCC_WARN_UNINITIALIZED_AUTOS = YES_AGGRESSIVE;
				GCC_WARN_UNUSED_FUNCTION = YES;
				GCC_WARN_UNUSED_VARIABLE = YES;
				IPHONEOS_DEPLOYMENT_TARGET = 14.5;
				MTL_ENABLE_DEBUG_INFO = INCLUDE_SOURCE;
				MTL_FAST_MATH = YES;
				ONLY_ACTIVE_ARCH = YES;
				SDKROOT = iphoneos;
				SWIFT_ACTIVE_COMPILATION_CONDITIONS = DEBUG;
				SWIFT_OPTIMIZATION_LEVEL = "-Onone";
			};
			name = Debug;
		};
		9B211E872798582E000810C1 /* Release */ = {
			isa = XCBuildConfiguration;
			buildSettings = {
				ALWAYS_SEARCH_USER_PATHS = NO;
				CLANG_ANALYZER_NONNULL = YES;
				CLANG_ANALYZER_NUMBER_OBJECT_CONVERSION = YES_AGGRESSIVE;
				CLANG_CXX_LANGUAGE_STANDARD = "gnu++14";
				CLANG_CXX_LIBRARY = "libc++";
				CLANG_ENABLE_MODULES = YES;
				CLANG_ENABLE_OBJC_ARC = YES;
				CLANG_ENABLE_OBJC_WEAK = YES;
				CLANG_WARN_BLOCK_CAPTURE_AUTORELEASING = YES;
				CLANG_WARN_BOOL_CONVERSION = YES;
				CLANG_WARN_COMMA = YES;
				CLANG_WARN_CONSTANT_CONVERSION = YES;
				CLANG_WARN_DEPRECATED_OBJC_IMPLEMENTATIONS = YES;
				CLANG_WARN_DIRECT_OBJC_ISA_USAGE = YES_ERROR;
				CLANG_WARN_DOCUMENTATION_COMMENTS = YES;
				CLANG_WARN_EMPTY_BODY = YES;
				CLANG_WARN_ENUM_CONVERSION = YES;
				CLANG_WARN_INFINITE_RECURSION = YES;
				CLANG_WARN_INT_CONVERSION = YES;
				CLANG_WARN_NON_LITERAL_NULL_CONVERSION = YES;
				CLANG_WARN_OBJC_IMPLICIT_RETAIN_SELF = YES;
				CLANG_WARN_OBJC_LITERAL_CONVERSION = YES;
				CLANG_WARN_OBJC_ROOT_CLASS = YES_ERROR;
				CLANG_WARN_QUOTED_INCLUDE_IN_FRAMEWORK_HEADER = YES;
				CLANG_WARN_RANGE_LOOP_ANALYSIS = YES;
				CLANG_WARN_STRICT_PROTOTYPES = YES;
				CLANG_WARN_SUSPICIOUS_MOVE = YES;
				CLANG_WARN_UNGUARDED_AVAILABILITY = YES_AGGRESSIVE;
				CLANG_WARN_UNREACHABLE_CODE = YES;
				CLANG_WARN__DUPLICATE_METHOD_MATCH = YES;
				COPY_PHASE_STRIP = NO;
				DEBUG_INFORMATION_FORMAT = "dwarf-with-dsym";
				ENABLE_NS_ASSERTIONS = NO;
				ENABLE_STRICT_OBJC_MSGSEND = YES;
				GCC_C_LANGUAGE_STANDARD = gnu11;
				GCC_NO_COMMON_BLOCKS = YES;
				GCC_WARN_64_TO_32_BIT_CONVERSION = YES;
				GCC_WARN_ABOUT_RETURN_TYPE = YES_ERROR;
				GCC_WARN_UNDECLARED_SELECTOR = YES;
				GCC_WARN_UNINITIALIZED_AUTOS = YES_AGGRESSIVE;
				GCC_WARN_UNUSED_FUNCTION = YES;
				GCC_WARN_UNUSED_VARIABLE = YES;
				IPHONEOS_DEPLOYMENT_TARGET = 14.5;
				MTL_ENABLE_DEBUG_INFO = NO;
				MTL_FAST_MATH = YES;
				SDKROOT = iphoneos;
				SWIFT_COMPILATION_MODE = wholemodule;
				SWIFT_OPTIMIZATION_LEVEL = "-O";
				VALIDATE_PRODUCT = YES;
			};
			name = Release;
		};
		9B211E892798582E000810C1 /* Debug */ = {
			isa = XCBuildConfiguration;
			buildSettings = {
				ASSETCATALOG_COMPILER_APPICON_NAME = AppIcon;
				ASSETCATALOG_COMPILER_GLOBAL_ACCENT_COLOR_NAME = AccentColor;
				CODE_SIGN_STYLE = Automatic;
				DEVELOPMENT_TEAM = TNHQ9243S7;
				INFOPLIST_FILE = "nws-app/Info.plist";
				LD_RUNPATH_SEARCH_PATHS = (
					"$(inherited)",
					"@executable_path/Frameworks",
				);
				PRODUCT_BUNDLE_IDENTIFIER = "com.Intexsoft.nws-app";
				PRODUCT_NAME = "$(TARGET_NAME)";
				SWIFT_VERSION = 5.0;
				TARGETED_DEVICE_FAMILY = "1,2";
			};
			name = Debug;
		};
		9B211E8A2798582E000810C1 /* Release */ = {
			isa = XCBuildConfiguration;
			buildSettings = {
				ASSETCATALOG_COMPILER_APPICON_NAME = AppIcon;
				ASSETCATALOG_COMPILER_GLOBAL_ACCENT_COLOR_NAME = AccentColor;
				CODE_SIGN_STYLE = Automatic;
				DEVELOPMENT_TEAM = TNHQ9243S7;
				INFOPLIST_FILE = "nws-app/Info.plist";
				LD_RUNPATH_SEARCH_PATHS = (
					"$(inherited)",
					"@executable_path/Frameworks",
				);
				PRODUCT_BUNDLE_IDENTIFIER = "com.Intexsoft.nws-app";
				PRODUCT_NAME = "$(TARGET_NAME)";
				SWIFT_VERSION = 5.0;
				TARGETED_DEVICE_FAMILY = "1,2";
			};
			name = Release;
		};
/* End XCBuildConfiguration section */

/* Begin XCConfigurationList section */
		9B211E6F2798582D000810C1 /* Build configuration list for PBXProject "nws-app" */ = {
			isa = XCConfigurationList;
			buildConfigurations = (
				9B211E862798582E000810C1 /* Debug */,
				9B211E872798582E000810C1 /* Release */,
			);
			defaultConfigurationIsVisible = 0;
			defaultConfigurationName = Release;
		};
		9B211E882798582E000810C1 /* Build configuration list for PBXNativeTarget "nws-app" */ = {
			isa = XCConfigurationList;
			buildConfigurations = (
				9B211E892798582E000810C1 /* Debug */,
				9B211E8A2798582E000810C1 /* Release */,
			);
			defaultConfigurationIsVisible = 0;
			defaultConfigurationName = Release;
		};
/* End XCConfigurationList section */

/* Begin XCRemoteSwiftPackageReference section */
		9B68F0D7279EFE2300F28205 /* XCRemoteSwiftPackageReference "SwiftSoup" */ = {
			isa = XCRemoteSwiftPackageReference;
			repositoryURL = "https://github.com/scinfu/SwiftSoup.git";
			requirement = {
				kind = upToNextMajorVersion;
				minimumVersion = 2.3.8;
			};
		};
/* End XCRemoteSwiftPackageReference section */

/* Begin XCSwiftPackageProductDependency section */
		9B68F0D8279EFE2300F28205 /* SwiftSoup */ = {
			isa = XCSwiftPackageProductDependency;
			package = 9B68F0D7279EFE2300F28205 /* XCRemoteSwiftPackageReference "SwiftSoup" */;
			productName = SwiftSoup;
		};
/* End XCSwiftPackageProductDependency section */
	};
	rootObject = 9B211E6C2798582D000810C1 /* Project object */;
}
